
Microsoft Visual Studio Solution File, Format Version 12.00
# Visual Studio 14
VisualStudioVersion = 14.0.25420.1
MinimumVisualStudioVersion = 10.0.40219.1
Project("{FAE04EC0-301F-11D3-BF4B-00C04F79EFBC}") = "Timer3", "Timer3\Timer3.csproj", "{ADDA3085-8EAD-4D02-8AE3-97CA05638BD2}"
EndProject
Global
	GlobalSection(SolutionConfigurationPlatforms) = preSolution
		Debug|Any CPU = Debug|Any CPU
		Release|Any CPU = Release|Any CPU
	EndGlobalSection
	GlobalSection(ProjectConfigurationPlatforms) = postSolution
		{ADDA3085-8EAD-4D02-8AE3-97CA05638BD2}.Debug|Any CPU.ActiveCfg = Debug|Any CPU
		{ADDA3085-8EAD-4D02-8AE3-97CA05638BD2}.Debug|Any CPU.Build.0 = Debug|Any CPU
		{ADDA3085-8EAD-4D02-8AE3-97CA05638BD2}.Release|Any CPU.ActiveCfg = Release|Any CPU
		{ADDA3085-8EAD-4D02-8AE3-97CA05638BD2}.Release|Any CPU.Build.0 = Release|Any CPU
	EndGlobalSection
	GlobalSection(SolutionProperties) = preSolution
		HideSolutionNode = FALSE
	EndGlobalSection
EndGlobal
